
Microsoft Visual Studio Solution File, Format Version 12.00
# Visual Studio Version 17
VisualStudioVersion = 17.0.31919.166
MinimumVisualStudioVersion = 10.0.40219.1
Project("{FAE04EC0-301F-11D3-BF4B-00C04F79EFBC}") = "Products_Console_w_Display", "Products_Console_w_Display\Products_Console_w_Display.csproj", "{7A570BE7-4CC3-4043-AE95-8A1F79A94494}"
EndProject
Global
	GlobalSection(SolutionConfigurationPlatforms) = preSolution
		Debug|Any CPU = Debug|Any CPU
		Release|Any CPU = Release|Any CPU
	EndGlobalSection
	GlobalSection(ProjectConfigurationPlatforms) = postSolution
		{7A570BE7-4CC3-4043-AE95-8A1F79A94494}.Debug|Any CPU.ActiveCfg = Debug|Any CPU
		{7A570BE7-4CC3-4043-AE95-8A1F79A94494}.Debug|Any CPU.Build.0 = Debug|Any CPU
		{7A570BE7-4CC3-4043-AE95-8A1F79A94494}.Release|Any CPU.ActiveCfg = Release|Any CPU
		{7A570BE7-4CC3-4043-AE95-8A1F79A94494}.Release|Any CPU.Build.0 = Release|Any CPU
	EndGlobalSection
	GlobalSection(SolutionProperties) = preSolution
		HideSolutionNode = FALSE
	EndGlobalSection
	GlobalSection(ExtensibilityGlobals) = postSolution
		SolutionGuid = {CEAC7629-E7DB-4FAC-B90F-6774BD2A8649}
	EndGlobalSection
EndGlobal
